
Microsoft Visual Studio Solution File, Format Version 12.00
# Visual Studio Version 17
VisualStudioVersion = 17.5.002.0
MinimumVisualStudioVersion = 10.0.40219.1
Project("{9A19103F-16F7-4668-BE54-9A1E7A4F7556}") = "WebApiBiblioteca", "WebApiBiblioteca.csproj", "{D9466666-C7DC-41A5-BA74-A7DF23B405A3}"
EndProject
Global
	GlobalSection(SolutionConfigurationPlatforms) = preSolution
		Debug|Any CPU = Debug|Any CPU
		Release|Any CPU = Release|Any CPU
	EndGlobalSection
	GlobalSection(ProjectConfigurationPlatforms) = postSolution
		{D9466666-C7DC-41A5-BA74-A7DF23B405A3}.Debug|Any CPU.ActiveCfg = Debug|Any CPU
		{D9466666-C7DC-41A5-BA74-A7DF23B405A3}.Debug|Any CPU.Build.0 = Debug|Any CPU
		{D9466666-C7DC-41A5-BA74-A7DF23B405A3}.Release|Any CPU.ActiveCfg = Release|Any CPU
		{D9466666-C7DC-41A5-BA74-A7DF23B405A3}.Release|Any CPU.Build.0 = Release|Any CPU
	EndGlobalSection
	GlobalSection(SolutionProperties) = preSolution
		HideSolutionNode = FALSE
	EndGlobalSection
	GlobalSection(ExtensibilityGlobals) = postSolution
		SolutionGuid = {266BADA0-292A-48E6-BE2E-E7DE43E71D8D}
	EndGlobalSection
EndGlobal
